
Microsoft Visual Studio Solution File, Format Version 12.00
# Visual Studio Version 16
VisualStudioVersion = 16.0.29418.71
MinimumVisualStudioVersion = 10.0.40219.1
Project("{9A19103F-16F7-4668-BE54-9A1E7A4F7556}") = "DotnetGattServer", "BleCommunication\DotnetGattServer.csproj", "{7122809F-0CC3-42DF-96D8-6870E27D50A5}"
EndProject
Project("{9A19103F-16F7-4668-BE54-9A1E7A4F7556}") = "Examples", "Examples\Examples.csproj", "{AE3AAA32-DFE6-4CAD-BE3D-0CFBA5C75EC4}"
EndProject
Global
	GlobalSection(SolutionConfigurationPlatforms) = preSolution
		Debug|Any CPU = Debug|Any CPU
		Release|Any CPU = Release|Any CPU
	EndGlobalSection
	GlobalSection(ProjectConfigurationPlatforms) = postSolution
		{7122809F-0CC3-42DF-96D8-6870E27D50A5}.Debug|Any CPU.ActiveCfg = Debug|Any CPU
		{7122809F-0CC3-42DF-96D8-6870E27D50A5}.Debug|Any CPU.Build.0 = Debug|Any CPU
		{7122809F-0CC3-42DF-96D8-6870E27D50A5}.Release|Any CPU.ActiveCfg = Release|Any CPU
		{7122809F-0CC3-42DF-96D8-6870E27D50A5}.Release|Any CPU.Build.0 = Release|Any CPU
		{AE3AAA32-DFE6-4CAD-BE3D-0CFBA5C75EC4}.Debug|Any CPU.ActiveCfg = Debug|Any CPU
		{AE3AAA32-DFE6-4CAD-BE3D-0CFBA5C75EC4}.Debug|Any CPU.Build.0 = Debug|Any CPU
		{AE3AAA32-DFE6-4CAD-BE3D-0CFBA5C75EC4}.Release|Any CPU.ActiveCfg = Release|Any CPU
		{AE3AAA32-DFE6-4CAD-BE3D-0CFBA5C75EC4}.Release|Any CPU.Build.0 = Release|Any CPU
	EndGlobalSection
	GlobalSection(SolutionProperties) = preSolution
		HideSolutionNode = FALSE
	EndGlobalSection
	GlobalSection(ExtensibilityGlobals) = postSolution
		SolutionGuid = {20BCB803-7AA2-4293-8F62-1A76DBC1C27F}
	EndGlobalSection
EndGlobal
